
Microsoft Visual Studio Solution File, Format Version 12.00
# Visual Studio Version 17
VisualStudioVersion = 17.9.34728.123
MinimumVisualStudioVersion = 10.0.40219.1
Project("{FAE04EC0-301F-11D3-BF4B-00C04F79EFBC}") = "Improved_CRUD_WinForm", "Improved_CRUD_WinForm\Improved_CRUD_WinForm.csproj", "{6F013BCC-DA79-4FAF-B266-722652BF4780}"
EndProject
Global
	GlobalSection(SolutionConfigurationPlatforms) = preSolution
		Debug|Any CPU = Debug|Any CPU
		Release|Any CPU = Release|Any CPU
	EndGlobalSection
	GlobalSection(ProjectConfigurationPlatforms) = postSolution
		{6F013BCC-DA79-4FAF-B266-722652BF4780}.Debug|Any CPU.ActiveCfg = Debug|Any CPU
		{6F013BCC-DA79-4FAF-B266-722652BF4780}.Debug|Any CPU.Build.0 = Debug|Any CPU
		{6F013BCC-DA79-4FAF-B266-722652BF4780}.Release|Any CPU.ActiveCfg = Release|Any CPU
		{6F013BCC-DA79-4FAF-B266-722652BF4780}.Release|Any CPU.Build.0 = Release|Any CPU
	EndGlobalSection
	GlobalSection(SolutionProperties) = preSolution
		HideSolutionNode = FALSE
	EndGlobalSection
	GlobalSection(ExtensibilityGlobals) = postSolution
		SolutionGuid = {687BD0F8-7693-4E1B-BF44-24FD79364D73}
	EndGlobalSection
EndGlobal
